
Microsoft Visual Studio Solution File, Format Version 12.00
# Visual Studio Version 16
VisualStudioVersion = 16.0.29123.88
MinimumVisualStudioVersion = 10.0.40219.1
Project("{FAE04EC0-301F-11D3-BF4B-00C04F79EFBC}") = "Vidly", "Vidly\Vidly.csproj", "{E520ABFE-B547-4689-8958-FA8574DCC19B}"
EndProject
Project("{FAE04EC0-301F-11D3-BF4B-00C04F79EFBC}") = "VidlyTests", "VidlyTests\VidlyTests.csproj", "{7456CB87-37F4-4B05-B26B-C261AE9E5E92}"
EndProject
Global
	GlobalSection(SolutionConfigurationPlatforms) = preSolution
		Debug|Any CPU = Debug|Any CPU
		Release|Any CPU = Release|Any CPU
	EndGlobalSection
	GlobalSection(ProjectConfigurationPlatforms) = postSolution
		{E520ABFE-B547-4689-8958-FA8574DCC19B}.Debug|Any CPU.ActiveCfg = Debug|Any CPU
		{E520ABFE-B547-4689-8958-FA8574DCC19B}.Debug|Any CPU.Build.0 = Debug|Any CPU
		{E520ABFE-B547-4689-8958-FA8574DCC19B}.Release|Any CPU.ActiveCfg = Release|Any CPU
		{E520ABFE-B547-4689-8958-FA8574DCC19B}.Release|Any CPU.Build.0 = Release|Any CPU
		{7456CB87-37F4-4B05-B26B-C261AE9E5E92}.Debug|Any CPU.ActiveCfg = Debug|Any CPU
		{7456CB87-37F4-4B05-B26B-C261AE9E5E92}.Debug|Any CPU.Build.0 = Debug|Any CPU
		{7456CB87-37F4-4B05-B26B-C261AE9E5E92}.Release|Any CPU.ActiveCfg = Release|Any CPU
		{7456CB87-37F4-4B05-B26B-C261AE9E5E92}.Release|Any CPU.Build.0 = Release|Any CPU
	EndGlobalSection
	GlobalSection(SolutionProperties) = preSolution
		HideSolutionNode = FALSE
	EndGlobalSection
	GlobalSection(ExtensibilityGlobals) = postSolution
		SolutionGuid = {AFDAB209-9CC9-4893-8F28-C43D4A96DBE3}
	EndGlobalSection
EndGlobal
